
Microsoft Visual Studio Solution File, Format Version 12.00
# Visual Studio Version 16
VisualStudioVersion = 16.0.31019.35
MinimumVisualStudioVersion = 10.0.40219.1
Project("{FAE04EC0-301F-11D3-BF4B-00C04F79EFBC}") = "Ariline", "Ariline\Ariline.csproj", "{36348549-3D44-4078-A9CA-56A4DC721518}"
EndProject
Project("{FAE04EC0-301F-11D3-BF4B-00C04F79EFBC}") = "AdminService", "AdminService\AdminService.csproj", "{1DD9825D-3CBF-493E-AE78-9BA564A5CB34}"
EndProject
Project("{FAE04EC0-301F-11D3-BF4B-00C04F79EFBC}") = "Userservice", "Userservice\Userservice.csproj", "{9AED1A2F-7E87-46FB-8B66-3BA6B009E2EA}"
EndProject
Global
	GlobalSection(SolutionConfigurationPlatforms) = preSolution
		Debug|Any CPU = Debug|Any CPU
		Release|Any CPU = Release|Any CPU
	EndGlobalSection
	GlobalSection(ProjectConfigurationPlatforms) = postSolution
		{36348549-3D44-4078-A9CA-56A4DC721518}.Debug|Any CPU.ActiveCfg = Debug|Any CPU
		{36348549-3D44-4078-A9CA-56A4DC721518}.Debug|Any CPU.Build.0 = Debug|Any CPU
		{36348549-3D44-4078-A9CA-56A4DC721518}.Release|Any CPU.ActiveCfg = Release|Any CPU
		{36348549-3D44-4078-A9CA-56A4DC721518}.Release|Any CPU.Build.0 = Release|Any CPU
		{1DD9825D-3CBF-493E-AE78-9BA564A5CB34}.Debug|Any CPU.ActiveCfg = Debug|Any CPU
		{1DD9825D-3CBF-493E-AE78-9BA564A5CB34}.Debug|Any CPU.Build.0 = Debug|Any CPU
		{1DD9825D-3CBF-493E-AE78-9BA564A5CB34}.Release|Any CPU.ActiveCfg = Release|Any CPU
		{1DD9825D-3CBF-493E-AE78-9BA564A5CB34}.Release|Any CPU.Build.0 = Release|Any CPU
		{9AED1A2F-7E87-46FB-8B66-3BA6B009E2EA}.Debug|Any CPU.ActiveCfg = Debug|Any CPU
		{9AED1A2F-7E87-46FB-8B66-3BA6B009E2EA}.Debug|Any CPU.Build.0 = Debug|Any CPU
		{9AED1A2F-7E87-46FB-8B66-3BA6B009E2EA}.Release|Any CPU.ActiveCfg = Release|Any CPU
		{9AED1A2F-7E87-46FB-8B66-3BA6B009E2EA}.Release|Any CPU.Build.0 = Release|Any CPU
	EndGlobalSection
	GlobalSection(SolutionProperties) = preSolution
		HideSolutionNode = FALSE
	EndGlobalSection
	GlobalSection(ExtensibilityGlobals) = postSolution
		SolutionGuid = {06B89DC1-3627-4C42-A23A-B75F7DAE2582}
	EndGlobalSection
EndGlobal
